
Microsoft Visual Studio Solution File, Format Version 12.00
# Visual Studio Version 16
Project("{2150E333-8FDC-42A3-9474-1A3956D46DE8}") = "Libraries", "Libraries", "{1922181B-9731-3B6F-98BA-C1A0CE4DD837}"
EndProject
Project("{2150E333-8FDC-42A3-9474-1A3956D46DE8}") = "Predefined", "Predefined", "{DB7412E4-43B3-329A-B44B-37AF345C56D7}"
EndProject
Project("{8BC9CEB8-8B4A-11D0-8D11-00A0C91BC942}") = "ALL_BUILD", "ALL_BUILD.vcxproj", "{B92F04A1-AB00-3A74-8205-AF3563666D53}"
	ProjectSection(ProjectDependencies) = postProject
		{C8212347-9D8D-3716-A054-1A14571FE997} = {C8212347-9D8D-3716-A054-1A14571FE997}
		{A4AB969C-C756-3E23-9B87-EA9CE960ED50} = {A4AB969C-C756-3E23-9B87-EA9CE960ED50}
		{8D41636F-75BD-3CD6-8E46-BB0DE6C5F29D} = {8D41636F-75BD-3CD6-8E46-BB0DE6C5F29D}
		{73E9B5B1-BBF1-3FF0-89DE-6FCC15492EC4} = {73E9B5B1-BBF1-3FF0-89DE-6FCC15492EC4}
	EndProjectSection
EndProject
Project("{8BC9CEB8-8B4A-11D0-8D11-00A0C91BC942}") = "ZERO_CHECK", "..\..\..\\ZERO_CHECK.vcxproj", "{C8212347-9D8D-3716-A054-1A14571FE997}"
	ProjectSection(ProjectDependencies) = postProject
	EndProjectSection
EndProject
Project("{8BC9CEB8-8B4A-11D0-8D11-00A0C91BC942}") = "base", "..\base\base.vcxproj", "{B9C846A1-10DD-3EB3-AA97-E95AA37586F0}"
	ProjectSection(ProjectDependencies) = postProject
		{C8212347-9D8D-3716-A054-1A14571FE997} = {C8212347-9D8D-3716-A054-1A14571FE997}
	EndProjectSection
EndProject
Project("{8BC9CEB8-8B4A-11D0-8D11-00A0C91BC942}") = "pluginterfaces", "..\pluginterfaces\pluginterfaces.vcxproj", "{BDFF3513-8C12-39E1-BD0D-04436038E3D9}"
	ProjectSection(ProjectDependencies) = postProject
		{C8212347-9D8D-3716-A054-1A14571FE997} = {C8212347-9D8D-3716-A054-1A14571FE997}
	EndProjectSection
EndProject
Project("{8BC9CEB8-8B4A-11D0-8D11-00A0C91BC942}") = "sdk", "sdk.vcxproj", "{A4AB969C-C756-3E23-9B87-EA9CE960ED50}"
	ProjectSection(ProjectDependencies) = postProject
		{C8212347-9D8D-3716-A054-1A14571FE997} = {C8212347-9D8D-3716-A054-1A14571FE997}
		{B9C846A1-10DD-3EB3-AA97-E95AA37586F0} = {B9C846A1-10DD-3EB3-AA97-E95AA37586F0}
		{BDFF3513-8C12-39E1-BD0D-04436038E3D9} = {BDFF3513-8C12-39E1-BD0D-04436038E3D9}
		{8D41636F-75BD-3CD6-8E46-BB0DE6C5F29D} = {8D41636F-75BD-3CD6-8E46-BB0DE6C5F29D}
	EndProjectSection
EndProject
Project("{8BC9CEB8-8B4A-11D0-8D11-00A0C91BC942}") = "sdk_common", "sdk_common.vcxproj", "{8D41636F-75BD-3CD6-8E46-BB0DE6C5F29D}"
	ProjectSection(ProjectDependencies) = postProject
		{C8212347-9D8D-3716-A054-1A14571FE997} = {C8212347-9D8D-3716-A054-1A14571FE997}
		{B9C846A1-10DD-3EB3-AA97-E95AA37586F0} = {B9C846A1-10DD-3EB3-AA97-E95AA37586F0}
		{BDFF3513-8C12-39E1-BD0D-04436038E3D9} = {BDFF3513-8C12-39E1-BD0D-04436038E3D9}
	EndProjectSection
EndProject
Project("{8BC9CEB8-8B4A-11D0-8D11-00A0C91BC942}") = "sdk_hosting", "sdk_hosting.vcxproj", "{73E9B5B1-BBF1-3FF0-89DE-6FCC15492EC4}"
	ProjectSection(ProjectDependencies) = postProject
		{C8212347-9D8D-3716-A054-1A14571FE997} = {C8212347-9D8D-3716-A054-1A14571FE997}
		{B9C846A1-10DD-3EB3-AA97-E95AA37586F0} = {B9C846A1-10DD-3EB3-AA97-E95AA37586F0}
		{BDFF3513-8C12-39E1-BD0D-04436038E3D9} = {BDFF3513-8C12-39E1-BD0D-04436038E3D9}
		{8D41636F-75BD-3CD6-8E46-BB0DE6C5F29D} = {8D41636F-75BD-3CD6-8E46-BB0DE6C5F29D}
	EndProjectSection
EndProject
Global
	GlobalSection(SolutionConfigurationPlatforms) = preSolution
		Debug|x64 = Debug|x64
		Release|x64 = Release|x64
	EndGlobalSection
	GlobalSection(ProjectConfigurationPlatforms) = postSolution
		{B92F04A1-AB00-3A74-8205-AF3563666D53}.Debug|x64.ActiveCfg = Debug|x64
		{B92F04A1-AB00-3A74-8205-AF3563666D53}.Release|x64.ActiveCfg = Release|x64
		{C8212347-9D8D-3716-A054-1A14571FE997}.Debug|x64.ActiveCfg = Debug|x64
		{C8212347-9D8D-3716-A054-1A14571FE997}.Debug|x64.Build.0 = Debug|x64
		{C8212347-9D8D-3716-A054-1A14571FE997}.Release|x64.ActiveCfg = Release|x64
		{C8212347-9D8D-3716-A054-1A14571FE997}.Release|x64.Build.0 = Release|x64
		{B9C846A1-10DD-3EB3-AA97-E95AA37586F0}.Debug|x64.ActiveCfg = Debug|x64
		{B9C846A1-10DD-3EB3-AA97-E95AA37586F0}.Debug|x64.Build.0 = Debug|x64
		{B9C846A1-10DD-3EB3-AA97-E95AA37586F0}.Release|x64.ActiveCfg = Release|x64
		{B9C846A1-10DD-3EB3-AA97-E95AA37586F0}.Release|x64.Build.0 = Release|x64
		{BDFF3513-8C12-39E1-BD0D-04436038E3D9}.Debug|x64.ActiveCfg = Debug|x64
		{BDFF3513-8C12-39E1-BD0D-04436038E3D9}.Debug|x64.Build.0 = Debug|x64
		{BDFF3513-8C12-39E1-BD0D-04436038E3D9}.Release|x64.ActiveCfg = Release|x64
		{BDFF3513-8C12-39E1-BD0D-04436038E3D9}.Release|x64.Build.0 = Release|x64
		{A4AB969C-C756-3E23-9B87-EA9CE960ED50}.Debug|x64.ActiveCfg = Debug|x64
		{A4AB969C-C756-3E23-9B87-EA9CE960ED50}.Debug|x64.Build.0 = Debug|x64
		{A4AB969C-C756-3E23-9B87-EA9CE960ED50}.Release|x64.ActiveCfg = Release|x64
		{A4AB969C-C756-3E23-9B87-EA9CE960ED50}.Release|x64.Build.0 = Release|x64
		{8D41636F-75BD-3CD6-8E46-BB0DE6C5F29D}.Debug|x64.ActiveCfg = Debug|x64
		{8D41636F-75BD-3CD6-8E46-BB0DE6C5F29D}.Debug|x64.Build.0 = Debug|x64
		{8D41636F-75BD-3CD6-8E46-BB0DE6C5F29D}.Release|x64.ActiveCfg = Release|x64
		{8D41636F-75BD-3CD6-8E46-BB0DE6C5F29D}.Release|x64.Build.0 = Release|x64
		{73E9B5B1-BBF1-3FF0-89DE-6FCC15492EC4}.Debug|x64.ActiveCfg = Debug|x64
		{73E9B5B1-BBF1-3FF0-89DE-6FCC15492EC4}.Debug|x64.Build.0 = Debug|x64
		{73E9B5B1-BBF1-3FF0-89DE-6FCC15492EC4}.Release|x64.ActiveCfg = Release|x64
		{73E9B5B1-BBF1-3FF0-89DE-6FCC15492EC4}.Release|x64.Build.0 = Release|x64
	EndGlobalSection
	GlobalSection(NestedProjects) = preSolution
		{B9C846A1-10DD-3EB3-AA97-E95AA37586F0} = {1922181B-9731-3B6F-98BA-C1A0CE4DD837}
		{A4AB969C-C756-3E23-9B87-EA9CE960ED50} = {1922181B-9731-3B6F-98BA-C1A0CE4DD837}
		{B92F04A1-AB00-3A74-8205-AF3563666D53} = {DB7412E4-43B3-329A-B44B-37AF345C56D7}
		{C8212347-9D8D-3716-A054-1A14571FE997} = {DB7412E4-43B3-329A-B44B-37AF345C56D7}
	EndGlobalSection
	GlobalSection(ExtensibilityGlobals) = postSolution
		SolutionGuid = {083DDA66-BC08-3B9A-93D0-59887D5ED56A}
	EndGlobalSection
	GlobalSection(ExtensibilityAddIns) = postSolution
	EndGlobalSection
EndGlobal
